{
    "_readme": [
        "This file locks the dependencies of your project to a known state",
        "Read more about it at https://getcomposer.org/doc/01-basic-usage.md#installing-dependencies",
        "This file is @generated automatically"
    ],
    "content-hash": "3ceccbe29c70e6436a404f0c0f0408fa",
    "packages": [
        {
            "name": "basement/basement",
            "version": "v1.0.0",
            "source": {
                "type": "git",
                "url": "https://github.com/linlanye/basement.git",
                "reference": "1e1ebffac4ae401e479d89579ea56ca3b20cd78d"
            },
            "dist": {
                "type": "zip",
                "url": "https://github-api-proxy.cnpkg.org/repos/linlanye/basement/zipball/1e1ebffac4ae401e479d89579ea56ca3b20cd78d",
                "reference": "1e1ebffac4ae401e479d89579ea56ca3b20cd78d",
                "shasum": ""
            },
            "require": {
                "php": "^7.2.0"
            },
            "type": "library",
            "autoload": {
                "psr-4": {
                    "basement\\": "src"
                },
                "files": [
                    "boot.php"
                ]
            },
            "notification-url": "https://repo.packagist.org/downloads/",
            "license": [
                "MIT"
            ],
            "authors": [
                {
                    "name": "林澜叶 (linlanye)",
                    "email": "linlanye@sina.cn"
                }
            ],
            "description": "php常用web组件通用化、解耦化",
            "homepage": "https://github.com/linlanye/basement",
            "keywords": [
                "basement",
                "components",
                "general",
                "linlanye"
            ],
            "time": "2018-12-09T04:24:19+00:00"
        },
        {
            "name": "lin/components",
            "version": "v1.0.0",
            "source": {
                "type": "git",
                "url": "https://github.com/linlanye/lin-components.git",
                "reference": "1dd7d198cc37f42dda4f8881ead4fd15a4685190"
            },
            "dist": {
                "type": "zip",
                "url": "https://github-api-proxy.cnpkg.org/repos/linlanye/lin-components/zipball/1dd7d198cc37f42dda4f8881ead4fd15a4685190",
                "reference": "1dd7d198cc37f42dda4f8881ead4fd15a4685190",
                "shasum": ""
            },
            "require": {
                "basement/basement": "1.0.*@stable",
                "php": "^7.2.0"
            },
            "type": "library",
            "autoload": {
                "psr-4": {
                    "lin\\": "src"
                }
            },
            "notification-url": "https://repo.packagist.org/downloads/",
            "license": [
                "Apache-2.0"
            ],
            "authors": [
                {
                    "name": "林澜叶 (linlanye)",
                    "email": "linlanye@sina.cn"
                }
            ],
            "description": "lin框架组件",
            "homepage": "https://github.com/linlanye/lin-components",
            "keywords": [
                "PHP7",
                "components",
                "lin",
                "linlanye"
            ],
            "time": "2018-12-10T03:53:42+00:00"
        }
    ],
    "packages-dev": [],
    "aliases": [],
    "minimum-stability": "stable",
    "stability-flags": {
        "basement/basement": 0
    },
    "prefer-stable": false,
    "prefer-lowest": false,
    "platform": {
        "php": ">=7.2.0"
    },
    "platform-dev": []
}
